
Microsoft Visual Studio Solution File, Format Version 12.00
# Visual Studio Version 17
VisualStudioVersion = 17.9.34728.123
MinimumVisualStudioVersion = 10.0.40219.1
Project("{9A19103F-16F7-4668-BE54-9A1E7A4F7556}") = "WebApplication1", "WebApplication1\WebApplication1.csproj", "{8A52089E-BB1C-4165-AE65-5D09F9CFB483}"
EndProject
Project("{FAE04EC0-301F-11D3-BF4B-00C04F79EFBC}") = "WebApplication1.Tests", "WebApplication1.Tests\WebApplication1.Tests.csproj", "{BD4EF15E-FFB4-4EBD-AADE-CA35F86D733B}"
EndProject
Global
	GlobalSection(SolutionConfigurationPlatforms) = preSolution
		Debug|Any CPU = Debug|Any CPU
		Release|Any CPU = Release|Any CPU
	EndGlobalSection
	GlobalSection(ProjectConfigurationPlatforms) = postSolution
		{8A52089E-BB1C-4165-AE65-5D09F9CFB483}.Debug|Any CPU.ActiveCfg = Debug|Any CPU
		{8A52089E-BB1C-4165-AE65-5D09F9CFB483}.Debug|Any CPU.Build.0 = Debug|Any CPU
		{8A52089E-BB1C-4165-AE65-5D09F9CFB483}.Release|Any CPU.ActiveCfg = Release|Any CPU
		{8A52089E-BB1C-4165-AE65-5D09F9CFB483}.Release|Any CPU.Build.0 = Release|Any CPU
		{BD4EF15E-FFB4-4EBD-AADE-CA35F86D733B}.Debug|Any CPU.ActiveCfg = Debug|Any CPU
		{BD4EF15E-FFB4-4EBD-AADE-CA35F86D733B}.Debug|Any CPU.Build.0 = Debug|Any CPU
		{BD4EF15E-FFB4-4EBD-AADE-CA35F86D733B}.Release|Any CPU.ActiveCfg = Release|Any CPU
		{BD4EF15E-FFB4-4EBD-AADE-CA35F86D733B}.Release|Any CPU.Build.0 = Release|Any CPU
	EndGlobalSection
	GlobalSection(SolutionProperties) = preSolution
		HideSolutionNode = FALSE
	EndGlobalSection
	GlobalSection(ExtensibilityGlobals) = postSolution
		SolutionGuid = {8DF3FE6C-BE33-4478-8393-EB1F8EBBC3CB}
	EndGlobalSection
EndGlobal
